// !$*UTF8*$!
{
	archiveVersion = 1;
	classes = {
	};
	objectVersion = 50;
	objects = {

/* Begin PBXBuildFile section */
		2353626427BADDD100A00A78 /* ViewControllerExtension.swift in Sources */ = {isa = PBXBuildFile; fileRef = 2353626327BADDD100A00A78 /* ViewControllerExtension.swift */; };
		237BA05927B70CB200E814B8 /* AppDelegate.swift in Sources */ = {isa = PBXBuildFile; fileRef = 237BA05827B70CB200E814B8 /* AppDelegate.swift */; };
		237BA05B27B70CB200E814B8 /* SceneDelegate.swift in Sources */ = {isa = PBXBuildFile; fileRef = 237BA05A27B70CB200E814B8 /* SceneDelegate.swift */; };
		237BA05D27B70CB200E814B8 /* ViewController.swift in Sources */ = {isa = PBXBuildFile; fileRef = 237BA05C27B70CB200E814B8 /* ViewController.swift */; };
		237BA06027B70CB300E814B8 /* Main.storyboard in Resources */ = {isa = PBXBuildFile; fileRef = 237BA05E27B70CB300E814B8 /* Main.storyboard */; };
		237BA06227B70CB600E814B8 /* Assets.xcassets in Resources */ = {isa = PBXBuildFile; fileRef = 237BA06127B70CB600E814B8 /* Assets.xcassets */; };
		237BA06527B70CB600E814B8 /* LaunchScreen.storyboard in Resources */ = {isa = PBXBuildFile; fileRef = 237BA06327B70CB600E814B8 /* LaunchScreen.storyboard */; };
		695D7A08281173FD006E7CD2 /* Colaborador.swift in Sources */ = {isa = PBXBuildFile; fileRef = 695D7A07281173FD006E7CD2 /* Colaborador.swift */; };
/* End PBXBuildFile section */

/* Begin PBXFileReference section */
		2353626327BADDD100A00A78 /* ViewControllerExtension.swift */ = {isa = PBXFileReference; lastKnownFileType = sourcecode.swift; path = ViewControllerExtension.swift; sourceTree = "<group>"; };
		237BA05527B70CB200E814B8 /* SistemaEscola.app */ = {isa = PBXFileReference; explicitFileType = wrapper.application; includeInIndex = 0; path = SistemaEscola.app; sourceTree = BUILT_PRODUCTS_DIR; };
		237BA05827B70CB200E814B8 /* AppDelegate.swift */ = {isa = PBXFileReference; lastKnownFileType = sourcecode.swift; path = AppDelegate.swift; sourceTree = "<group>"; };
		237BA05A27B70CB200E814B8 /* SceneDelegate.swift */ = {isa = PBXFileReference; lastKnownFileType = sourcecode.swift; path = SceneDelegate.swift; sourceTree = "<group>"; };
		237BA05C27B70CB200E814B8 /* ViewController.swift */ = {isa = PBXFileReference; lastKnownFileType = sourcecode.swift; path = ViewController.swift; sourceTree = "<group>"; };
		237BA05F27B70CB300E814B8 /* Base */ = {isa = PBXFileReference; lastKnownFileType = file.storyboard; name = Base; path = Base.lproj/Main.storyboard; sourceTree = "<group>"; };
		237BA06127B70CB600E814B8 /* Assets.xcassets */ = {isa = PBXFileReference; lastKnownFileType = folder.assetcatalog; path = Assets.xcassets; sourceTree = "<group>"; };
		237BA06427B70CB600E814B8 /* Base */ = {isa = PBXFileReference; lastKnownFileType = file.storyboard; name = Base; path = Base.lproj/LaunchScreen.storyboard; sourceTree = "<group>"; };
		237BA06627B70CB600E814B8 /* Info.plist */ = {isa = PBXFileReference; lastKnownFileType = text.plist.xml; path = Info.plist; sourceTree = "<group>"; };
		695D7A07281173FD006E7CD2 /* Colaborador.swift */ = {isa = PBXFileReference; lastKnownFileType = sourcecode.swift; path = Colaborador.swift; sourceTree = "<group>"; };
/* End PBXFileReference section */

/* Begin PBXFrameworksBuildPhase section */
		237BA05227B70CB200E814B8 /* Frameworks */ = {
			isa = PBXFrameworksBuildPhase;
			buildActionMask = 2147483647;
			files = (
			);
			runOnlyForDeploymentPostprocessing = 0;
		};
/* End PBXFrameworksBuildPhase section */

/* Begin PBXGroup section */
		237BA04C27B70CB200E814B8 = {
			isa = PBXGroup;
			children = (
				237BA05727B70CB200E814B8 /* SistemaEscola */,
				237BA05627B70CB200E814B8 /* Products */,
			);
			sourceTree = "<group>";
		};
		237BA05627B70CB200E814B8 /* Products */ = {
			isa = PBXGroup;
			children = (
				237BA05527B70CB200E814B8 /* SistemaEscola.app */,
			);
			name = Products;
			sourceTree = "<group>";
		};
		237BA05727B70CB200E814B8 /* SistemaEscola */ = {
			isa = PBXGroup;
			children = (
				237BA05827B70CB200E814B8 /* AppDelegate.swift */,
				237BA05A27B70CB200E814B8 /* SceneDelegate.swift */,
				237BA05C27B70CB200E814B8 /* ViewController.swift */,
				2353626327BADDD100A00A78 /* ViewControllerExtension.swift */,
				695D7A07281173FD006E7CD2 /* Colaborador.swift */,
				237BA05E27B70CB300E814B8 /* Main.storyboard */,
				237BA06127B70CB600E814B8 /* Assets.xcassets */,
				237BA06327B70CB600E814B8 /* LaunchScreen.storyboard */,
				237BA06627B70CB600E814B8 /* Info.plist */,
			);
			path = SistemaEscola;
			sourceTree = "<group>";
		};
/* End PBXGroup section */

/* Begin PBXNativeTarget section */
		237BA05427B70CB200E814B8 /* SistemaEscola */ = {
			isa = PBXNativeTarget;
			buildConfigurationList = 237BA06927B70CB600E814B8 /* Build configuration list for PBXNativeTarget "SistemaEscola" */;
			buildPhases = (
				237BA05127B70CB200E814B8 /* Sources */,
				237BA05227B70CB200E814B8 /* Frameworks */,
				237BA05327B70CB200E814B8 /* Resources */,
			);
			buildRules = (
			);
			dependencies = (
			);
			name = SistemaEscola;
			productName = SistemaEscola;
			productReference = 237BA05527B70CB200E814B8 /* SistemaEscola.app */;
			productType = "com.apple.product-type.application";
		};
/* End PBXNativeTarget section */

/* Begin PBXProject section */
		237BA04D27B70CB200E814B8 /* Project object */ = {
			isa = PBXProject;
			attributes = {
				LastSwiftUpdateCheck = 1170;
				LastUpgradeCheck = 1170;
				ORGANIZATIONNAME = Eldorado;
				TargetAttributes = {
					237BA05427B70CB200E814B8 = {
						CreatedOnToolsVersion = 11.7;
					};
				};
			};
			buildConfigurationList = 237BA05027B70CB200E814B8 /* Build configuration list for PBXProject "SistemaEscola" */;
			compatibilityVersion = "Xcode 9.3";
			developmentRegion = en;
			hasScannedForEncodings = 0;
			knownRegions = (
				en,
				Base,
			);
			mainGroup = 237BA04C27B70CB200E814B8;
			productRefGroup = 237BA05627B70CB200E814B8 /* Products */;
			projectDirPath = "";
			projectRoot = "";
			targets = (
				237BA05427B70CB200E814B8 /* SistemaEscola */,
			);
		};
/* End PBXProject section */

/* Begin PBXResourcesBuildPhase section */
		237BA05327B70CB200E814B8 /* Resources */ = {
			isa = PBXResourcesBuildPhase;
			buildActionMask = 2147483647;
			files = (
				237BA06527B70CB600E814B8 /* LaunchScreen.storyboard in Resources */,
				237BA06227B70CB600E814B8 /* Assets.xcassets in Resources */,
				237BA06027B70CB300E814B8 /* Main.storyboard in Resources */,
			);
			runOnlyForDeploymentPostprocessing = 0;
		};
/* End PBXResourcesBuildPhase section */

/* Begin PBXSourcesBuildPhase section */
		237BA05127B70CB200E814B8 /* Sources */ = {
			isa = PBXSourcesBuildPhase;
			buildActionMask = 2147483647;
			files = (
				2353626427BADDD100A00A78 /* ViewControllerExtension.swift in Sources */,
				237BA05D27B70CB200E814B8 /* ViewController.swift in Sources */,
				237BA05927B70CB200E814B8 /* AppDelegate.swift in Sources */,
				237BA05B27B70CB200E814B8 /* SceneDelegate.swift in Sources */,
				695D7A08281173FD006E7CD2 /* Colaborador.swift in Sources */,
			);
			runOnlyForDeploymentPostprocessing = 0;
		};
/* End PBXSourcesBuildPhase section */

/* Begin PBXVariantGroup section */
		237BA05E27B70CB300E814B8 /* Main.storyboard */ = {
			isa = PBXVariantGroup;
			children = (
				237BA05F27B70CB300E814B8 /* Base */,
			);
			name = Main.storyboard;
			sourceTree = "<group>";
		};
		237BA06327B70CB600E814B8 /* LaunchScreen.storyboard */ = {
			isa = PBXVariantGroup;
			children = (
				237BA06427B70CB600E814B8 /* Base */,
			);
			name = LaunchScreen.storyboard;
			sourceTree = "<group>";
		};
/* End PBXVariantGroup section */

/* Begin XCBuildConfiguration section */
		237BA06727B70CB600E814B8 /* Debug */ = {
			isa = XCBuildConfiguration;
			buildSettings = {
				ALWAYS_SEARCH_USER_PATHS = NO;
				CLANG_ANALYZER_NONNULL = YES;
				CLANG_ANALYZER_NUMBER_OBJECT_CONVERSION = YES_AGGRESSIVE;
				CLANG_CXX_LANGUAGE_STANDARD = "gnu++14";
				CLANG_CXX_LIBRARY = "libc++";
				CLANG_ENABLE_MODULES = YES;
				CLANG_ENABLE_OBJC_ARC = YES;
				CLANG_ENABLE_OBJC_WEAK = YES;
				CLANG_WARN_BLOCK_CAPTURE_AUTORELEASING = YES;
				CLANG_WARN_BOOL_CONVERSION = YES;
				CLANG_WARN_COMMA = YES;
				CLANG_WARN_CONSTANT_CONVERSION = YES;
				CLANG_WARN_DEPRECATED_OBJC_IMPLEMENTATIONS = YES;
				CLANG_WARN_DIRECT_OBJC_ISA_USAGE = YES_ERROR;
				CLANG_WARN_DOCUMENTATION_COMMENTS = YES;
				CLANG_WARN_EMPTY_BODY = YES;
				CLANG_WARN_ENUM_CONVERSION = YES;
				CLANG_WARN_INFINITE_RECURSION = YES;
				CLANG_WARN_INT_CONVERSION = YES;
				CLANG_WARN_NON_LITERAL_NULL_CONVERSION = YES;
				CLANG_WARN_OBJC_IMPLICIT_RETAIN_SELF = YES;
				CLANG_WARN_OBJC_LITERAL_CONVERSION = YES;
				CLANG_WARN_OBJC_ROOT_CLASS = YES_ERROR;
				CLANG_WARN_RANGE_LOOP_ANALYSIS = YES;
				CLANG_WARN_STRICT_PROTOTYPES = YES;
				CLANG_WARN_SUSPICIOUS_MOVE = YES;
				CLANG_WARN_UNGUARDED_AVAILABILITY = YES_AGGRESSIVE;
				CLANG_WARN_UNREACHABLE_CODE = YES;
				CLANG_WARN__DUPLICATE_METHOD_MATCH = YES;
				COPY_PHASE_STRIP = NO;
				DEBUG_INFORMATION_FORMAT = dwarf;
				ENABLE_STRICT_OBJC_MSGSEND = YES;
				ENABLE_TESTABILITY = YES;
				GCC_C_LANGUAGE_STANDARD = gnu11;
				GCC_DYNAMIC_NO_PIC = NO;
				GCC_NO_COMMON_BLOCKS = YES;
				GCC_OPTIMIZATION_LEVEL = 0;
				GCC_PREPROCESSOR_DEFINITIONS = (
					"DEBUG=1",
					"$(inherited)",
				);
				GCC_WARN_64_TO_32_BIT_CONVERSION = YES;
				GCC_WARN_ABOUT_RETURN_TYPE = YES_ERROR;
				GCC_WARN_UNDECLARED_SELECTOR = YES;
				GCC_WARN_UNINITIALIZED_AUTOS = YES_AGGRESSIVE;
				GCC_WARN_UNUSED_FUNCTION = YES;
				GCC_WARN_UNUSED_VARIABLE = YES;
				IPHONEOS_DEPLOYMENT_TARGET = 13.7;
				MTL_ENABLE_DEBUG_INFO = INCLUDE_SOURCE;
				MTL_FAST_MATH = YES;
				ONLY_ACTIVE_ARCH = YES;
				SDKROOT = iphoneos;
				SWIFT_ACTIVE_COMPILATION_CONDITIONS = DEBUG;
				SWIFT_OPTIMIZATION_LEVEL = "-Onone";
			};
			name = Debug;
		};
		237BA06827B70CB600E814B8 /* Release */ = {
			isa = XCBuildConfiguration;
			buildSettings = {
				ALWAYS_SEARCH_USER_PATHS = NO;
				CLANG_ANALYZER_NONNULL = YES;
				CLANG_ANALYZER_NUMBER_OBJECT_CONVERSION = YES_AGGRESSIVE;
				CLANG_CXX_LANGUAGE_STANDARD = "gnu++14";
				CLANG_CXX_LIBRARY = "libc++";
				CLANG_ENABLE_MODULES = YES;
				CLANG_ENABLE_OBJC_ARC = YES;
				CLANG_ENABLE_OBJC_WEAK = YES;
				CLANG_WARN_BLOCK_CAPTURE_AUTORELEASING = YES;
				CLANG_WARN_BOOL_CONVERSION = YES;
				CLANG_WARN_COMMA = YES;
				CLANG_WARN_CONSTANT_CONVERSION = YES;
				CLANG_WARN_DEPRECATED_OBJC_IMPLEMENTATIONS = YES;
				CLANG_WARN_DIRECT_OBJC_ISA_USAGE = YES_ERROR;
				CLANG_WARN_DOCUMENTATION_COMMENTS = YES;
				CLANG_WARN_EMPTY_BODY = YES;
				CLANG_WARN_ENUM_CONVERSION = YES;
				CLANG_WARN_INFINITE_RECURSION = YES;
				CLANG_WARN_INT_CONVERSION = YES;
				CLANG_WARN_NON_LITERAL_NULL_CONVERSION = YES;
				CLANG_WARN_OBJC_IMPLICIT_RETAIN_SELF = YES;
				CLANG_WARN_OBJC_LITERAL_CONVERSION = YES;
				CLANG_WARN_OBJC_ROOT_CLASS = YES_ERROR;
				CLANG_WARN_RANGE_LOOP_ANALYSIS = YES;
				CLANG_WARN_STRICT_PROTOTYPES = YES;
				CLANG_WARN_SUSPICIOUS_MOVE = YES;
				CLANG_WARN_UNGUARDED_AVAILABILITY = YES_AGGRESSIVE;
				CLANG_WARN_UNREACHABLE_CODE = YES;
				CLANG_WARN__DUPLICATE_METHOD_MATCH = YES;
				COPY_PHASE_STRIP = NO;
				DEBUG_INFORMATION_FORMAT = "dwarf-with-dsym";
				ENABLE_NS_ASSERTIONS = NO;
				ENABLE_STRICT_OBJC_MSGSEND = YES;
				GCC_C_LANGUAGE_STANDARD = gnu11;
				GCC_NO_COMMON_BLOCKS = YES;
				GCC_WARN_64_TO_32_BIT_CONVERSION = YES;
				GCC_WARN_ABOUT_RETURN_TYPE = YES_ERROR;
				GCC_WARN_UNDECLARED_SELECTOR = YES;
				GCC_WARN_UNINITIALIZED_AUTOS = YES_AGGRESSIVE;
				GCC_WARN_UNUSED_FUNCTION = YES;
				GCC_WARN_UNUSED_VARIABLE = YES;
				IPHONEOS_DEPLOYMENT_TARGET = 13.7;
				MTL_ENABLE_DEBUG_INFO = NO;
				MTL_FAST_MATH = YES;
				SDKROOT = iphoneos;
				SWIFT_COMPILATION_MODE = wholemodule;
				SWIFT_OPTIMIZATION_LEVEL = "-O";
				VALIDATE_PRODUCT = YES;
			};
			name = Release;
		};
		237BA06A27B70CB600E814B8 /* Debug */ = {
			isa = XCBuildConfiguration;
			buildSettings = {
				ASSETCATALOG_COMPILER_APPICON_NAME = AppIcon;
				CODE_SIGN_STYLE = Automatic;
				DEVELOPMENT_TEAM = "";
				INFOPLIST_FILE = SistemaEscola/Info.plist;
				LD_RUNPATH_SEARCH_PATHS = (
					"$(inherited)",
					"@executable_path/Frameworks",
				);
				PRODUCT_BUNDLE_IDENTIFIER = explorations.eldorado.SistemaEscola;
				PRODUCT_NAME = "$(TARGET_NAME)";
				SWIFT_VERSION = 5.0;
				TARGETED_DEVICE_FAMILY = "1,2";
			};
			name = Debug;
		};
		237BA06B27B70CB600E814B8 /* Release */ = {
			isa = XCBuildConfiguration;
			buildSettings = {
				ASSETCATALOG_COMPILER_APPICON_NAME = AppIcon;
				CODE_SIGN_STYLE = Automatic;
				DEVELOPMENT_TEAM = "";
				INFOPLIST_FILE = SistemaEscola/Info.plist;
				LD_RUNPATH_SEARCH_PATHS = (
					"$(inherited)",
					"@executable_path/Frameworks",
				);
				PRODUCT_BUNDLE_IDENTIFIER = explorations.eldorado.SistemaEscola;
				PRODUCT_NAME = "$(TARGET_NAME)";
				SWIFT_VERSION = 5.0;
				TARGETED_DEVICE_FAMILY = "1,2";
			};
			name = Release;
		};
/* End XCBuildConfiguration section */

/* Begin XCConfigurationList section */
		237BA05027B70CB200E814B8 /* Build configuration list for PBXProject "SistemaEscola" */ = {
			isa = XCConfigurationList;
			buildConfigurations = (
				237BA06727B70CB600E814B8 /* Debug */,
				237BA06827B70CB600E814B8 /* Release */,
			);
			defaultConfigurationIsVisible = 0;
			defaultConfigurationName = Release;
		};
		237BA06927B70CB600E814B8 /* Build configuration list for PBXNativeTarget "SistemaEscola" */ = {
			isa = XCConfigurationList;
			buildConfigurations = (
				237BA06A27B70CB600E814B8 /* Debug */,
				237BA06B27B70CB600E814B8 /* Release */,
			);
			defaultConfigurationIsVisible = 0;
			defaultConfigurationName = Release;
		};
/* End XCConfigurationList section */
	};
	rootObject = 237BA04D27B70CB200E814B8 /* Project object */;
}
